
Microsoft Visual Studio Solution File, Format Version 12.00
# Visual Studio Version 17
VisualStudioVersion = 17.2.32630.192
MinimumVisualStudioVersion = 10.0.40219.1
Project("{FAE04EC0-301F-11D3-BF4B-00C04F79EFBC}") = "Surcharge", "Surcharge\Surcharge.csproj", "{FD4AE82E-F365-400C-B320-16E42CC8DED1}"
EndProject
Global
	GlobalSection(SolutionConfigurationPlatforms) = preSolution
		Debug|Any CPU = Debug|Any CPU
		Release|Any CPU = Release|Any CPU
	EndGlobalSection
	GlobalSection(ProjectConfigurationPlatforms) = postSolution
		{FD4AE82E-F365-400C-B320-16E42CC8DED1}.Debug|Any CPU.ActiveCfg = Debug|Any CPU
		{FD4AE82E-F365-400C-B320-16E42CC8DED1}.Debug|Any CPU.Build.0 = Debug|Any CPU
		{FD4AE82E-F365-400C-B320-16E42CC8DED1}.Release|Any CPU.ActiveCfg = Release|Any CPU
		{FD4AE82E-F365-400C-B320-16E42CC8DED1}.Release|Any CPU.Build.0 = Release|Any CPU
	EndGlobalSection
	GlobalSection(SolutionProperties) = preSolution
		HideSolutionNode = FALSE
	EndGlobalSection
	GlobalSection(ExtensibilityGlobals) = postSolution
		SolutionGuid = {EBB28E4F-2533-4985-9DAA-6B24CC67A9DA}
	EndGlobalSection
EndGlobal
